<?xml version="1.0" encoding="utf-8"?>
<Project ToolsVersion="4.0" xmlns="http://schemas.microsoft.com/developer/msbuild/2003">
  <ItemGroup>
    <Filter Include="Исходные файлы">
      <UniqueIdentifier>{4FC737F1-C7A5-4376-A066-2A32D752A2FF}</UniqueIdentifier>
      <Extensions>cpp;c;cc;cxx;c++;cppm;ixx;def;odl;idl;hpj;bat;asm;asmx</Extensions>
    </Filter>
    <Filter Include="Файлы заголовков">
      <UniqueIdentifier>{93995380-89BD-4b04-88EB-625FBE52EBFB}</UniqueIdentifier>
      <Extensions>h;hh;hpp;hxx;h++;hm;inl;inc;ipp;xsd</Extensions>
    </Filter>
    <Filter Include="Файлы ресурсов">
      <UniqueIdentifier>{67DA6AB6-F800-4c08-8B7A-83BB121AAD01}</UniqueIdentifier>
      <Extensions>rc;ico;cur;bmp;dlg;rc2;rct;bin;rgs;gif;jpg;jpeg;jpe;resx;tiff;tif;png;wav;mfcribbon-ms</Extensions>
    </Filter>
    <Filter Include="Исходные файлы\EmployeeMonitoringSystem">
      <UniqueIdentifier>{15364959-eac9-486a-99b0-7bf3a0ce69e0}</UniqueIdentifier>
    </Filter>
    <Filter Include="Исходные файлы\EmployeeMonitoringSystem\Client">
      <UniqueIdentifier>{051a8c49-9a0a-40f0-aa73-b636cab4142b}</UniqueIdentifier>
    </Filter>
    <Filter Include="Исходные файлы\EmployeeMonitoringSystem\Server">
      <UniqueIdentifier>{ba8b1b9d-ae2b-40b1-9be3-0b8d6131a4b9}</UniqueIdentifier>
    </Filter>
  </ItemGroup>
  <ItemGroup>
    <ClCompile Include="monitoring.cpp">
      <Filter>Исходные файлы</Filter>
    </ClCompile>
    <ClCompile Include="fnk_to_auto_run.cpp">
      <Filter>Файлы ресурсов</Filter>
    </ClCompile>
    <ClCompile Include="Client.cpp">
      <Filter>Исходные файлы\EmployeeMonitoringSystem\Client</Filter>
    </ClCompile>
  </ItemGroup>
  <ItemGroup>
    <None Include="server.py">
      <Filter>Исходные файлы\EmployeeMonitoringSystem\Server</Filter>
    </None>
  </ItemGroup>
  <ItemGroup>
    <Text Include="requirements.txt">
      <Filter>Исходные файлы\EmployeeMonitoringSystem\Server</Filter>
    </Text>
  </ItemGroup>
</Project>